
Microsoft Visual Studio Solution File, Format Version 12.00
# Visual Studio Version 16
VisualStudioVersion = 16.0.29215.179
MinimumVisualStudioVersion = 10.0.40219.1
Project("{FAE04EC0-301F-11D3-BF4B-00C04F79EFBC}") = "Vidly", "Vidly\Vidly.csproj", "{906712B4-0101-4121-A489-AE4A883E1275}"
EndProject
Global
	GlobalSection(SolutionConfigurationPlatforms) = preSolution
		Debug|Any CPU = Debug|Any CPU
		Release|Any CPU = Release|Any CPU
	EndGlobalSection
	GlobalSection(ProjectConfigurationPlatforms) = postSolution
		{906712B4-0101-4121-A489-AE4A883E1275}.Debug|Any CPU.ActiveCfg = Debug|Any CPU
		{906712B4-0101-4121-A489-AE4A883E1275}.Debug|Any CPU.Build.0 = Debug|Any CPU
		{906712B4-0101-4121-A489-AE4A883E1275}.Release|Any CPU.ActiveCfg = Release|Any CPU
		{906712B4-0101-4121-A489-AE4A883E1275}.Release|Any CPU.Build.0 = Release|Any CPU
	EndGlobalSection
	GlobalSection(SolutionProperties) = preSolution
		HideSolutionNode = FALSE
	EndGlobalSection
	GlobalSection(ExtensibilityGlobals) = postSolution
		SolutionGuid = {75ADAB81-6409-420F-A94F-4240FE5FB37D}
	EndGlobalSection
EndGlobal
